
Microsoft Visual Studio Solution File, Format Version 12.00
# Visual Studio Express 2012 for Windows Desktop
Project("{FAE04EC0-301F-11D3-BF4B-00C04F79EFBC}") = "QQGameRes", "QQGameRes\QQGameRes.csproj", "{B4CA398F-573A-473A-AFD0-071498DC045E}"
EndProject
Project("{FAE04EC0-301F-11D3-BF4B-00C04F79EFBC}") = "QQGame", "QQGame\QQGame.csproj", "{E497C6DF-8E6F-4B70-B349-3BF03D4847E6}"
EndProject
Project("{FAE04EC0-301F-11D3-BF4B-00C04F79EFBC}") = "Util.Media", "Util.Media\Util.Media.csproj", "{75A3B432-DE47-4E01-9655-22275C400BAD}"
EndProject
Project("{FAE04EC0-301F-11D3-BF4B-00C04F79EFBC}") = "Util.Forms", "Util.Forms\Util.Forms.csproj", "{071C7648-EAB0-44A9-87D0-28191E06C1EF}"
EndProject
Project("{FAE04EC0-301F-11D3-BF4B-00C04F79EFBC}") = "Util.IO", "Util.IO\Util.IO.csproj", "{17AFCA9B-525E-446E-8431-218D7804569C}"
EndProject
Global
	GlobalSection(SolutionConfigurationPlatforms) = preSolution
		Debug|Any CPU = Debug|Any CPU
		Debug|x64 = Debug|x64
		Debug|x86 = Debug|x86
		Release|Any CPU = Release|Any CPU
		Release|x64 = Release|x64
		Release|x86 = Release|x86
	EndGlobalSection
	GlobalSection(ProjectConfigurationPlatforms) = postSolution
		{B4CA398F-573A-473A-AFD0-071498DC045E}.Debug|Any CPU.ActiveCfg = Debug|Any CPU
		{B4CA398F-573A-473A-AFD0-071498DC045E}.Debug|Any CPU.Build.0 = Debug|Any CPU
		{B4CA398F-573A-473A-AFD0-071498DC045E}.Debug|x64.ActiveCfg = Debug|x64
		{B4CA398F-573A-473A-AFD0-071498DC045E}.Debug|x64.Build.0 = Debug|x64
		{B4CA398F-573A-473A-AFD0-071498DC045E}.Debug|x86.ActiveCfg = Debug|x86
		{B4CA398F-573A-473A-AFD0-071498DC045E}.Debug|x86.Build.0 = Debug|x86
		{B4CA398F-573A-473A-AFD0-071498DC045E}.Release|Any CPU.ActiveCfg = Release|Any CPU
		{B4CA398F-573A-473A-AFD0-071498DC045E}.Release|Any CPU.Build.0 = Release|Any CPU
		{B4CA398F-573A-473A-AFD0-071498DC045E}.Release|x64.ActiveCfg = Release|x64
		{B4CA398F-573A-473A-AFD0-071498DC045E}.Release|x64.Build.0 = Release|x64
		{B4CA398F-573A-473A-AFD0-071498DC045E}.Release|x86.ActiveCfg = Release|x86
		{B4CA398F-573A-473A-AFD0-071498DC045E}.Release|x86.Build.0 = Release|x86
		{E497C6DF-8E6F-4B70-B349-3BF03D4847E6}.Debug|Any CPU.ActiveCfg = Debug|Any CPU
		{E497C6DF-8E6F-4B70-B349-3BF03D4847E6}.Debug|Any CPU.Build.0 = Debug|Any CPU
		{E497C6DF-8E6F-4B70-B349-3BF03D4847E6}.Debug|x64.ActiveCfg = Debug|x64
		{E497C6DF-8E6F-4B70-B349-3BF03D4847E6}.Debug|x64.Build.0 = Debug|x64
		{E497C6DF-8E6F-4B70-B349-3BF03D4847E6}.Debug|x86.ActiveCfg = Debug|x86
		{E497C6DF-8E6F-4B70-B349-3BF03D4847E6}.Debug|x86.Build.0 = Debug|x86
		{E497C6DF-8E6F-4B70-B349-3BF03D4847E6}.Release|Any CPU.ActiveCfg = Release|Any CPU
		{E497C6DF-8E6F-4B70-B349-3BF03D4847E6}.Release|Any CPU.Build.0 = Release|Any CPU
		{E497C6DF-8E6F-4B70-B349-3BF03D4847E6}.Release|x64.ActiveCfg = Release|x64
		{E497C6DF-8E6F-4B70-B349-3BF03D4847E6}.Release|x64.Build.0 = Release|x64
		{E497C6DF-8E6F-4B70-B349-3BF03D4847E6}.Release|x86.ActiveCfg = Release|x86
		{E497C6DF-8E6F-4B70-B349-3BF03D4847E6}.Release|x86.Build.0 = Release|x86
		{75A3B432-DE47-4E01-9655-22275C400BAD}.Debug|Any CPU.ActiveCfg = Debug|Any CPU
		{75A3B432-DE47-4E01-9655-22275C400BAD}.Debug|Any CPU.Build.0 = Debug|Any CPU
		{75A3B432-DE47-4E01-9655-22275C400BAD}.Debug|x64.ActiveCfg = Debug|x64
		{75A3B432-DE47-4E01-9655-22275C400BAD}.Debug|x64.Build.0 = Debug|x64
		{75A3B432-DE47-4E01-9655-22275C400BAD}.Debug|x86.ActiveCfg = Debug|x86
		{75A3B432-DE47-4E01-9655-22275C400BAD}.Debug|x86.Build.0 = Debug|x86
		{75A3B432-DE47-4E01-9655-22275C400BAD}.Release|Any CPU.ActiveCfg = Release|Any CPU
		{75A3B432-DE47-4E01-9655-22275C400BAD}.Release|Any CPU.Build.0 = Release|Any CPU
		{75A3B432-DE47-4E01-9655-22275C400BAD}.Release|x64.ActiveCfg = Release|x64
		{75A3B432-DE47-4E01-9655-22275C400BAD}.Release|x64.Build.0 = Release|x64
		{75A3B432-DE47-4E01-9655-22275C400BAD}.Release|x86.ActiveCfg = Release|x86
		{75A3B432-DE47-4E01-9655-22275C400BAD}.Release|x86.Build.0 = Release|x86
		{071C7648-EAB0-44A9-87D0-28191E06C1EF}.Debug|Any CPU.ActiveCfg = Debug|Any CPU
		{071C7648-EAB0-44A9-87D0-28191E06C1EF}.Debug|Any CPU.Build.0 = Debug|Any CPU
		{071C7648-EAB0-44A9-87D0-28191E06C1EF}.Debug|x64.ActiveCfg = Debug|x64
		{071C7648-EAB0-44A9-87D0-28191E06C1EF}.Debug|x64.Build.0 = Debug|x64
		{071C7648-EAB0-44A9-87D0-28191E06C1EF}.Debug|x86.ActiveCfg = Debug|x86
		{071C7648-EAB0-44A9-87D0-28191E06C1EF}.Debug|x86.Build.0 = Debug|x86
		{071C7648-EAB0-44A9-87D0-28191E06C1EF}.Release|Any CPU.ActiveCfg = Release|Any CPU
		{071C7648-EAB0-44A9-87D0-28191E06C1EF}.Release|Any CPU.Build.0 = Release|Any CPU
		{071C7648-EAB0-44A9-87D0-28191E06C1EF}.Release|x64.ActiveCfg = Release|x64
		{071C7648-EAB0-44A9-87D0-28191E06C1EF}.Release|x64.Build.0 = Release|x64
		{071C7648-EAB0-44A9-87D0-28191E06C1EF}.Release|x86.ActiveCfg = Release|x86
		{071C7648-EAB0-44A9-87D0-28191E06C1EF}.Release|x86.Build.0 = Release|x86
		{17AFCA9B-525E-446E-8431-218D7804569C}.Debug|Any CPU.ActiveCfg = Debug|Any CPU
		{17AFCA9B-525E-446E-8431-218D7804569C}.Debug|Any CPU.Build.0 = Debug|Any CPU
		{17AFCA9B-525E-446E-8431-218D7804569C}.Debug|x64.ActiveCfg = Debug|x64
		{17AFCA9B-525E-446E-8431-218D7804569C}.Debug|x64.Build.0 = Debug|x64
		{17AFCA9B-525E-446E-8431-218D7804569C}.Debug|x86.ActiveCfg = Debug|x86
		{17AFCA9B-525E-446E-8431-218D7804569C}.Debug|x86.Build.0 = Debug|x86
		{17AFCA9B-525E-446E-8431-218D7804569C}.Release|Any CPU.ActiveCfg = Release|Any CPU
		{17AFCA9B-525E-446E-8431-218D7804569C}.Release|Any CPU.Build.0 = Release|Any CPU
		{17AFCA9B-525E-446E-8431-218D7804569C}.Release|x64.ActiveCfg = Release|x64
		{17AFCA9B-525E-446E-8431-218D7804569C}.Release|x64.Build.0 = Release|x64
		{17AFCA9B-525E-446E-8431-218D7804569C}.Release|x86.ActiveCfg = Release|x86
		{17AFCA9B-525E-446E-8431-218D7804569C}.Release|x86.Build.0 = Release|x86
	EndGlobalSection
	GlobalSection(SolutionProperties) = preSolution
		HideSolutionNode = FALSE
	EndGlobalSection
EndGlobal
